
Microsoft Visual Studio Solution File, Format Version 12.00
# Visual Studio Version 17
VisualStudioVersion = 17.4.33103.184
MinimumVisualStudioVersion = 10.0.40219.1
Project("{FAE04EC0-301F-11D3-BF4B-00C04F79EFBC}") = "siparkgo", "siparkgo.csproj", "{87824BF1-A5A9-4BD9-8DAA-9F22C5E9F749}"
EndProject
Global
	GlobalSection(SolutionConfigurationPlatforms) = preSolution
		Debug|Any CPU = Debug|Any CPU
		Release|Any CPU = Release|Any CPU
	EndGlobalSection
	GlobalSection(ProjectConfigurationPlatforms) = postSolution
		{87824BF1-A5A9-4BD9-8DAA-9F22C5E9F749}.Debug|Any CPU.ActiveCfg = Debug|Any CPU
		{87824BF1-A5A9-4BD9-8DAA-9F22C5E9F749}.Debug|Any CPU.Build.0 = Debug|Any CPU
		{87824BF1-A5A9-4BD9-8DAA-9F22C5E9F749}.Release|Any CPU.ActiveCfg = Release|Any CPU
		{87824BF1-A5A9-4BD9-8DAA-9F22C5E9F749}.Release|Any CPU.Build.0 = Release|Any CPU
	EndGlobalSection
	GlobalSection(SolutionProperties) = preSolution
		HideSolutionNode = FALSE
	EndGlobalSection
	GlobalSection(ExtensibilityGlobals) = postSolution
		SolutionGuid = {B68F4C3E-9DEF-4B0F-B61E-DC165F79802C}
	EndGlobalSection
EndGlobal
